{
  "nodes": {
    "algebra-simple": {
      "inputs": {
        "flake-compat": [
          "flake-compat"
        ],
        "flake-parts": [
          "flake-parts"
        ],
        "nixpkgs": [
          "nixpkgs"
        ]
      },
      "locked": {
        "lastModified": 1680649721,
        "narHash": "sha256-m2nk+Ez+oMqp9qYeZFWk2pCNOO9/9nZWrI8kyuLQq88=",
        "owner": "tbidne",
        "repo": "algebra-simple",
        "rev": "22128fdc52ec2e7eef68222e6426511a0281d52b",
        "type": "github"
      },
      "original": {
        "owner": "tbidne",
        "repo": "algebra-simple",
        "type": "github"
      }
    },
    "bounds": {
      "inputs": {
        "flake-compat": [
          "flake-compat"
        ],
        "flake-parts": [
          "flake-parts"
        ],
        "nixpkgs": [
          "nixpkgs"
        ]
      },
      "locked": {
        "lastModified": 1680653752,
        "narHash": "sha256-qazOK/52sC4/JEf67A9Qkxwf+viY/zgpwPE4Im6s3g8=",
        "owner": "tbidne",
        "repo": "bounds",
        "rev": "f7997b0b14d04bbca0bf589cc6661170c0ba48bc",
        "type": "github"
      },
      "original": {
        "owner": "tbidne",
        "repo": "bounds",
        "type": "github"
      }
    },
    "flake-compat": {
      "flake": false,
      "locked": {
        "lastModified": 1673956053,
        "narHash": "sha256-4gtG9iQuiKITOjNQQeQIpoIB6b16fm+504Ch3sNKLd8=",
        "owner": "edolstra",
        "repo": "flake-compat",
        "rev": "35bb57c0c8d8b62bbfd284272c928ceb64ddbde9",
        "type": "github"
      },
      "original": {
        "owner": "edolstra",
        "repo": "flake-compat",
        "type": "github"
      }
    },
    "flake-parts": {
      "inputs": {
        "nixpkgs-lib": "nixpkgs-lib"
      },
      "locked": {
        "lastModified": 1675933616,
        "narHash": "sha256-/rczJkJHtx16IFxMmAWu5nNYcSXNg1YYXTHoGjLrLUA=",
        "owner": "hercules-ci",
        "repo": "flake-parts",
        "rev": "47478a4a003e745402acf63be7f9a092d51b83d7",
        "type": "github"
      },
      "original": {
        "owner": "hercules-ci",
        "repo": "flake-parts",
        "type": "github"
      }
    },
    "monad-effects": {
      "inputs": {
        "algebra-simple": [
          "algebra-simple"
        ],
        "bounds": [
          "bounds"
        ],
        "flake-compat": [
          "flake-compat"
        ],
        "flake-parts": [
          "flake-parts"
        ],
        "nixpkgs": [
          "nixpkgs"
        ],
        "smart-math": [
          "smart-math"
        ]
      },
      "locked": {
        "lastModified": 1682637587,
        "narHash": "sha256-2QQtHRON2QVR119RjJM9vTMnPKWyteEheS1Y8uCQBTA=",
        "owner": "tbidne",
        "repo": "monad-effects",
        "rev": "965d98e351263d87ab572d2aea5c52c4cd6c16f1",
        "type": "github"
      },
      "original": {
        "owner": "tbidne",
        "repo": "monad-effects",
        "type": "github"
      }
    },
    "nixpkgs": {
      "locked": {
        "lastModified": 1680758185,
        "narHash": "sha256-sCVWwfnk7zEX8Z+OItiH+pcSklrlsLZ4TJTtnxAYREw=",
        "owner": "nixos",
        "repo": "nixpkgs",
        "rev": "0e19daa510e47a40e06257e205965f3b96ce0ac9",
        "type": "github"
      },
      "original": {
        "owner": "nixos",
        "ref": "nixos-unstable",
        "repo": "nixpkgs",
        "type": "github"
      }
    },
    "nixpkgs-lib": {
      "locked": {
        "dir": "lib",
        "lastModified": 1675183161,
        "narHash": "sha256-Zq8sNgAxDckpn7tJo7V1afRSk2eoVbu3OjI1QklGLNg=",
        "owner": "NixOS",
        "repo": "nixpkgs",
        "rev": "e1e1b192c1a5aab2960bf0a0bd53a2e8124fa18e",
        "type": "github"
      },
      "original": {
        "dir": "lib",
        "owner": "NixOS",
        "ref": "nixos-unstable",
        "repo": "nixpkgs",
        "type": "github"
      }
    },
    "path-size": {
      "inputs": {
        "algebra-simple": [
          "algebra-simple"
        ],
        "bounds": [
          "bounds"
        ],
        "flake-compat": [
          "flake-compat"
        ],
        "flake-parts": [
          "flake-parts"
        ],
        "monad-effects": [
          "monad-effects"
        ],
        "nixpkgs": [
          "nixpkgs"
        ],
        "si-bytes": [
          "si-bytes"
        ],
        "smart-math": [
          "smart-math"
        ]
      },
      "locked": {
        "lastModified": 1680429804,
        "narHash": "sha256-K+4DRlAKawsksC9IiHwHgIjcX99LdbWuJkNK1dz36pM=",
        "owner": "tbidne",
        "repo": "path-size",
        "rev": "8926b1cccbbdd08da3262918f074b64a99c9bbdc",
        "type": "github"
      },
      "original": {
        "owner": "tbidne",
        "repo": "path-size",
        "type": "github"
      }
    },
    "root": {
      "inputs": {
        "algebra-simple": "algebra-simple",
        "bounds": "bounds",
        "flake-compat": "flake-compat",
        "flake-parts": "flake-parts",
        "monad-effects": "monad-effects",
        "nixpkgs": "nixpkgs",
        "path-size": "path-size",
        "si-bytes": "si-bytes",
        "smart-math": "smart-math"
      }
    },
    "si-bytes": {
      "inputs": {
        "algebra-simple": [
          "algebra-simple"
        ],
        "bounds": [
          "bounds"
        ],
        "flake-compat": [
          "flake-compat"
        ],
        "flake-parts": [
          "flake-parts"
        ],
        "nixpkgs": [
          "nixpkgs"
        ]
      },
      "locked": {
        "lastModified": 1680656436,
        "narHash": "sha256-gkADs8DBYw+IJCYJGqxHmn1EC/jpRfNp4JPQLryFudE=",
        "owner": "tbidne",
        "repo": "si-bytes",
        "rev": "bbb1938fc541526822e2987d32acb75de3bc4024",
        "type": "github"
      },
      "original": {
        "owner": "tbidne",
        "repo": "si-bytes",
        "type": "github"
      }
    },
    "smart-math": {
      "inputs": {
        "algebra-simple": [
          "algebra-simple"
        ],
        "bounds": [
          "bounds"
        ],
        "flake-compat": [
          "flake-compat"
        ],
        "flake-parts": [
          "flake-parts"
        ],
        "nixpkgs": [
          "nixpkgs"
        ]
      },
      "locked": {
        "lastModified": 1680655923,
        "narHash": "sha256-qzMG+NQMdFH8+0Z20Tv7/ETMxKWcGHTOnaFoohUsdHY=",
        "owner": "tbidne",
        "repo": "smart-math",
        "rev": "8f591f6de1ab81134e7c824b0c09c7fafbd5f6d8",
        "type": "github"
      },
      "original": {
        "owner": "tbidne",
        "repo": "smart-math",
        "type": "github"
      }
    }
  },
  "root": "root",
  "version": 7
}
