{
  "nodes": {
    "algebra-simple": {
      "inputs": {
        "flake-parts": [
          "flake-parts"
        ],
        "nix-hs-utils": [
          "nix-hs-utils"
        ],
        "nixpkgs": [
          "nixpkgs"
        ]
      },
      "locked": {
        "lastModified": 1704945810,
        "narHash": "sha256-NXTZLwilM1KyqUh5inJVm4+Yev9gnMSr4anuFj5dsD4=",
        "owner": "tbidne",
        "repo": "algebra-simple",
        "rev": "f4f799cea958fb2b2309d70f47a658dff2481441",
        "type": "github"
      },
      "original": {
        "owner": "tbidne",
        "repo": "algebra-simple",
        "type": "github"
      }
    },
    "bounds": {
      "inputs": {
        "flake-parts": [
          "flake-parts"
        ],
        "nix-hs-utils": [
          "nix-hs-utils"
        ],
        "nixpkgs": [
          "nixpkgs"
        ]
      },
      "locked": {
        "lastModified": 1705009486,
        "narHash": "sha256-TZhpDX9z6tOFfomFjRJLlgHEqT2JcwxxurG1KTenY04=",
        "owner": "tbidne",
        "repo": "bounds",
        "rev": "50b07ca118ae140d065ec0285f38e72151da4cad",
        "type": "github"
      },
      "original": {
        "owner": "tbidne",
        "repo": "bounds",
        "type": "github"
      }
    },
    "flake-parts": {
      "inputs": {
        "nixpkgs-lib": "nixpkgs-lib"
      },
      "locked": {
        "lastModified": 1704982712,
        "narHash": "sha256-2Ptt+9h8dczgle2Oo6z5ni5rt/uLMG47UFTR1ry/wgg=",
        "owner": "hercules-ci",
        "repo": "flake-parts",
        "rev": "07f6395285469419cf9d078f59b5b49993198c00",
        "type": "github"
      },
      "original": {
        "owner": "hercules-ci",
        "repo": "flake-parts",
        "type": "github"
      }
    },
    "monad-effects": {
      "inputs": {
        "algebra-simple": [
          "algebra-simple"
        ],
        "bounds": [
          "bounds"
        ],
        "flake-parts": [
          "flake-parts"
        ],
        "nix-hs-utils": [
          "nix-hs-utils"
        ],
        "nixpkgs": [
          "nixpkgs"
        ],
        "smart-math": [
          "smart-math"
        ]
      },
      "locked": {
        "lastModified": 1704667169,
        "narHash": "sha256-YxYZjAneaFaquhAyeNy2T83JzIlCnDgVsp54sHhWnWQ=",
        "owner": "tbidne",
        "repo": "monad-effects",
        "rev": "1725ed9812a21c7d3d32f5becc01a2eaab76cc9f",
        "type": "github"
      },
      "original": {
        "owner": "tbidne",
        "repo": "monad-effects",
        "type": "github"
      }
    },
    "nix-hs-utils": {
      "locked": {
        "lastModified": 1695340755,
        "narHash": "sha256-yb1FM96YxM9wVSkaSGZHCuNoLHeCdn5R0BAfSXJwTwY=",
        "owner": "tbidne",
        "repo": "nix-hs-utils",
        "rev": "2ee3a794e1534af18d4115119e5f5da63f0e4fa3",
        "type": "github"
      },
      "original": {
        "owner": "tbidne",
        "repo": "nix-hs-utils",
        "type": "github"
      }
    },
    "nixpkgs": {
      "locked": {
        "lastModified": 1704722960,
        "narHash": "sha256-mKGJ3sPsT6//s+Knglai5YflJUF2DGj7Ai6Ynopz0kI=",
        "owner": "nixos",
        "repo": "nixpkgs",
        "rev": "317484b1ead87b9c1b8ac5261a8d2dd748a0492d",
        "type": "github"
      },
      "original": {
        "owner": "nixos",
        "ref": "nixos-unstable",
        "repo": "nixpkgs",
        "type": "github"
      }
    },
    "nixpkgs-lib": {
      "locked": {
        "dir": "lib",
        "lastModified": 1703961334,
        "narHash": "sha256-M1mV/Cq+pgjk0rt6VxoyyD+O8cOUiai8t9Q6Yyq4noY=",
        "owner": "NixOS",
        "repo": "nixpkgs",
        "rev": "b0d36bd0a420ecee3bc916c91886caca87c894e9",
        "type": "github"
      },
      "original": {
        "dir": "lib",
        "owner": "NixOS",
        "ref": "nixos-unstable",
        "repo": "nixpkgs",
        "type": "github"
      }
    },
    "path-size": {
      "inputs": {
        "algebra-simple": [
          "algebra-simple"
        ],
        "bounds": [
          "bounds"
        ],
        "flake-parts": [
          "flake-parts"
        ],
        "monad-effects": [
          "monad-effects"
        ],
        "nix-hs-utils": [
          "nix-hs-utils"
        ],
        "nixpkgs": [
          "nixpkgs"
        ],
        "si-bytes": [
          "si-bytes"
        ],
        "smart-math": [
          "smart-math"
        ]
      },
      "locked": {
        "lastModified": 1708037623,
        "narHash": "sha256-AAW8ECG+1ckzXSP00n8BtcBVmZwi0aVgjSNa0FU64/E=",
        "owner": "tbidne",
        "repo": "path-size",
        "rev": "2ca5e37a1d9db376a81ee951ec8b954ee1159c20",
        "type": "github"
      },
      "original": {
        "owner": "tbidne",
        "repo": "path-size",
        "type": "github"
      }
    },
    "root": {
      "inputs": {
        "algebra-simple": "algebra-simple",
        "bounds": "bounds",
        "flake-parts": "flake-parts",
        "monad-effects": "monad-effects",
        "nix-hs-utils": "nix-hs-utils",
        "nixpkgs": "nixpkgs",
        "path-size": "path-size",
        "si-bytes": "si-bytes",
        "smart-math": "smart-math"
      }
    },
    "si-bytes": {
      "inputs": {
        "algebra-simple": [
          "algebra-simple"
        ],
        "bounds": [
          "bounds"
        ],
        "flake-parts": [
          "flake-parts"
        ],
        "nix-hs-utils": [
          "nix-hs-utils"
        ],
        "nixpkgs": [
          "nixpkgs"
        ]
      },
      "locked": {
        "lastModified": 1705011829,
        "narHash": "sha256-EtQpSyoN+jx1SCoU9SCnwLkeVjD+720nP5IlLvXcEIc=",
        "owner": "tbidne",
        "repo": "si-bytes",
        "rev": "40f8bc532533340bc69390e75c99faf41e252983",
        "type": "github"
      },
      "original": {
        "owner": "tbidne",
        "repo": "si-bytes",
        "type": "github"
      }
    },
    "smart-math": {
      "inputs": {
        "algebra-simple": [
          "algebra-simple"
        ],
        "bounds": [
          "bounds"
        ],
        "flake-parts": [
          "flake-parts"
        ],
        "nix-hs-utils": [
          "nix-hs-utils"
        ],
        "nixpkgs": [
          "nixpkgs"
        ]
      },
      "locked": {
        "lastModified": 1705092434,
        "narHash": "sha256-/chCL/sDFT7pamzTLovLHNO6FRPRU7CeycVftC2w+cY=",
        "owner": "tbidne",
        "repo": "smart-math",
        "rev": "2d52207b447d2b25c33488faf9ad6e7417f4d454",
        "type": "github"
      },
      "original": {
        "owner": "tbidne",
        "repo": "smart-math",
        "type": "github"
      }
    }
  },
  "root": "root",
  "version": 7
}
