# This file was autogenerated by Stack.
# You should not edit this file by hand.
# For more information, please see the documentation at:
#   https://docs.haskellstack.org/en/stable/topics/lock_files

packages:
- completed:
    hackage: env-guard-0.2@sha256:4251503bde7549e267bd307f4b293c8c0ac48c6585968108e3e3fc5a3cfbb179,1312
    pantry-tree:
      sha256: 8775e6e349155fefc70b1d81394657dd1f2b85865125f7cf8d235c93dd8add89
      size: 419
  original:
    hackage: env-guard-0.2@sha256:4251503bde7549e267bd307f4b293c8c0ac48c6585968108e3e3fc5a3cfbb179,1312
- completed:
    hackage: gitrev-typed-0.1@sha256:905b696dec9c52486290cfef2d3156420de83f5b21bfb0821a37822f40ee1568,3783
    pantry-tree:
      sha256: d9aa23d85f9b5230458e035e52d1dbc676f762468c4a38e7be93dcac18b4029e
      size: 1663
  original:
    hackage: gitrev-typed-0.1@sha256:905b696dec9c52486290cfef2d3156420de83f5b21bfb0821a37822f40ee1568,3783
- completed:
    hackage: text-display-1.0.0.0@sha256:17d5a404f51ce40ba22327bdc6688fd239f66d0aa056b8d5cb83974d1dc706e5,2772
    pantry-tree:
      sha256: d2d3020dabe306b2ddc8a19d3b200d506567870d7614c39c38c2485141425339
      size: 3364
  original:
    hackage: text-display-1.0.0.0@sha256:17d5a404f51ce40ba22327bdc6688fd239f66d0aa056b8d5cb83974d1dc706e5,2772
- completed:
    hackage: uri-bytestring-0.3.3.1@sha256:9244001daa1552e0fda9980f9bf9e4c9430bbc4f0777fdb75020594fcbc21d50,2782
    pantry-tree:
      sha256: a91faa50f80b390c55b56a1457c2552e2a1cb60ebce43cc71e055841f13f5c1b
      size: 1035
  original:
    hackage: uri-bytestring-0.3.3.1@sha256:9244001daa1552e0fda9980f9bf9e4c9430bbc4f0777fdb75020594fcbc21d50,2782
- completed:
    commit: 37ec7127fbd0f591d4539e4bf72a0badd7569181
    git: https://github.com/tbidne/algebra-simple.git
    name: algebra-simple
    pantry-tree:
      sha256: 879b4397add8d76e697f03f4ab986d3125a72b773df88508a360db140adb459a
      size: 3909
    version: '0.1'
  original:
    commit: 37ec7127fbd0f591d4539e4bf72a0badd7569181
    git: https://github.com/tbidne/algebra-simple.git
- completed:
    commit: b7ca541cfdd8564bcebe5d38456fe7abf77885b8
    git: https://github.com/tbidne/bounds.git
    name: bounds
    pantry-tree:
      sha256: 809a408e9b84404268e9da1a5ea8a100f683fe17ba96185ee51b01ae570c1227
      size: 833
    version: '0.1'
  original:
    commit: b7ca541cfdd8564bcebe5d38456fe7abf77885b8
    git: https://github.com/tbidne/bounds.git
- completed:
    commit: 02fdf3d44f41019d2f31f7903f432dfc0e91e078
    git: https://github.com/tbidne/exception-utils.git
    name: exception-utils
    pantry-tree:
      sha256: 9d5c8990cd5737e25ebd311ecf84f30afeb9ea91033eeb688bb0fabe0afd663a
      size: 1032
    version: '0.1'
  original:
    commit: 02fdf3d44f41019d2f31f7903f432dfc0e91e078
    git: https://github.com/tbidne/exception-utils.git
- completed:
    commit: 9250f29d28c4ab6dd1ab44719157852c8044d9e9
    git: https://github.com/tbidne/fs-utils.git
    name: fs-utils
    pantry-tree:
      sha256: bd26cff85d7a2ea0f454d94b2fbe43357edaa5c933d3a92cc2d42ae096cd1519
      size: 1316
    version: '0.1'
  original:
    commit: 9250f29d28c4ab6dd1ab44719157852c8044d9e9
    git: https://github.com/tbidne/fs-utils.git
- completed:
    commit: b12552d378c32fd3ccb813a959dc29419d47d9b2
    git: https://github.com/tbidne/haskeline.git
    name: haskeline
    pantry-tree:
      sha256: c323358e9abdabe0b970da8c345b5d6d851a979b539bf15f363aa16f137c831b
      size: 3758
    version: 0.8.4.0
  original:
    commit: b12552d378c32fd3ccb813a959dc29419d47d9b2
    git: https://github.com/tbidne/haskeline.git
- completed:
    commit: a62298759d3320840e27d8074a70c5b713ef74d2
    git: https://github.com/tbidne/monad-effects.git
    name: effects-async
    pantry-tree:
      sha256: 8f8f6f2eab4aefc8e3b77c2b96b3a953314e9654d92944826a36351240e528a0
      size: 236
    subdir: lib/effects-async
    version: '0.1'
  original:
    commit: a62298759d3320840e27d8074a70c5b713ef74d2
    git: https://github.com/tbidne/monad-effects.git
    subdir: lib/effects-async
- completed:
    commit: a62298759d3320840e27d8074a70c5b713ef74d2
    git: https://github.com/tbidne/monad-effects.git
    name: effects-optparse
    pantry-tree:
      sha256: 3425bfbb731937603794bf2bd4a92abcbd8938ab1fd86d0c8aa0dbd9dc7c304c
      size: 230
    subdir: lib/effects-optparse
    version: '0.1'
  original:
    commit: a62298759d3320840e27d8074a70c5b713ef74d2
    git: https://github.com/tbidne/monad-effects.git
    subdir: lib/effects-optparse
- completed:
    commit: a62298759d3320840e27d8074a70c5b713ef74d2
    git: https://github.com/tbidne/monad-effects.git
    name: effects-fs
    pantry-tree:
      sha256: bbd3f6df9975ff951b8ba2320c2837e773050be8eb13cdfaa9a448166ce3c5e3
      size: 1023
    subdir: lib/effects-fs
    version: '0.1'
  original:
    commit: a62298759d3320840e27d8074a70c5b713ef74d2
    git: https://github.com/tbidne/monad-effects.git
    subdir: lib/effects-fs
- completed:
    commit: a62298759d3320840e27d8074a70c5b713ef74d2
    git: https://github.com/tbidne/monad-effects.git
    name: effects-haskeline
    pantry-tree:
      sha256: 322202d8eb936419343db47bca15567178303157429bf72c17433435d7db140f
      size: 231
    subdir: lib/effects-haskeline
    version: '0.1'
  original:
    commit: a62298759d3320840e27d8074a70c5b713ef74d2
    git: https://github.com/tbidne/monad-effects.git
    subdir: lib/effects-haskeline
- completed:
    commit: a62298759d3320840e27d8074a70c5b713ef74d2
    git: https://github.com/tbidne/monad-effects.git
    name: effects-ioref
    pantry-tree:
      sha256: ac12b6572dcda3006daebc2b35d231cf5e306e24ff6acbf504693ce056715ef7
      size: 223
    subdir: lib/effects-ioref
    version: '0.1'
  original:
    commit: a62298759d3320840e27d8074a70c5b713ef74d2
    git: https://github.com/tbidne/monad-effects.git
    subdir: lib/effects-ioref
- completed:
    commit: a62298759d3320840e27d8074a70c5b713ef74d2
    git: https://github.com/tbidne/monad-effects.git
    name: effects-logger
    pantry-tree:
      sha256: f6f478d841aca1a3d91538595005cdf3e5901aa77e05560316bfaaf2572e5d4f
      size: 647
    subdir: lib/effects-logger
    version: '0.1'
  original:
    commit: a62298759d3320840e27d8074a70c5b713ef74d2
    git: https://github.com/tbidne/monad-effects.git
    subdir: lib/effects-logger
- completed:
    commit: a62298759d3320840e27d8074a70c5b713ef74d2
    git: https://github.com/tbidne/monad-effects.git
    name: effects-stm
    pantry-tree:
      sha256: b202de56379a4dbae5bfca2bc132d024bbea9f82fd3cc5ba416b6979534ff1e9
      size: 230
    subdir: lib/effects-stm
    version: '0.1'
  original:
    commit: a62298759d3320840e27d8074a70c5b713ef74d2
    git: https://github.com/tbidne/monad-effects.git
    subdir: lib/effects-stm
- completed:
    commit: a62298759d3320840e27d8074a70c5b713ef74d2
    git: https://github.com/tbidne/monad-effects.git
    name: effects-terminal
    pantry-tree:
      sha256: 39995adc0ebaa697ffc1a9e5a6c2a4be90ca69f6967b6bd78d65dec45fbd4e4c
      size: 237
    subdir: lib/effects-terminal
    version: '0.1'
  original:
    commit: a62298759d3320840e27d8074a70c5b713ef74d2
    git: https://github.com/tbidne/monad-effects.git
    subdir: lib/effects-terminal
- completed:
    commit: a62298759d3320840e27d8074a70c5b713ef74d2
    git: https://github.com/tbidne/monad-effects.git
    name: effects-thread
    pantry-tree:
      sha256: 8e1bd03beff0855b7201672220bcc0cfca171e9541a6f719649c69867c76dd7d
      size: 236
    subdir: lib/effects-thread
    version: '0.1'
  original:
    commit: a62298759d3320840e27d8074a70c5b713ef74d2
    git: https://github.com/tbidne/monad-effects.git
    subdir: lib/effects-thread
- completed:
    commit: a62298759d3320840e27d8074a70c5b713ef74d2
    git: https://github.com/tbidne/monad-effects.git
    name: effects-time
    pantry-tree:
      sha256: 37d60899eb8c6fa9b7c68397778d203f7696a920bc7fe80d1b947deb8fdb0861
      size: 282
    subdir: lib/effects-time
    version: '0.1'
  original:
    commit: a62298759d3320840e27d8074a70c5b713ef74d2
    git: https://github.com/tbidne/monad-effects.git
    subdir: lib/effects-time
- completed:
    commit: a62298759d3320840e27d8074a70c5b713ef74d2
    git: https://github.com/tbidne/monad-effects.git
    name: effects-unix
    pantry-tree:
      sha256: 724c679dd8589a12b92447946ce76e497269205de3c250d482076672e0e28677
      size: 346
    subdir: lib/effects-unix
    version: '0.1'
  original:
    commit: a62298759d3320840e27d8074a70c5b713ef74d2
    git: https://github.com/tbidne/monad-effects.git
    subdir: lib/effects-unix
- completed:
    commit: a62298759d3320840e27d8074a70c5b713ef74d2
    git: https://github.com/tbidne/monad-effects.git
    name: effects-unix-compat
    pantry-tree:
      sha256: 1c8e94abbbfa6134cfe142766c5e6e27c31dca18c3c19d25b5ec2ce5882a75c6
      size: 366
    subdir: lib/effects-unix-compat
    version: '0.1'
  original:
    commit: a62298759d3320840e27d8074a70c5b713ef74d2
    git: https://github.com/tbidne/monad-effects.git
    subdir: lib/effects-unix-compat
- completed:
    commit: ad6bc15f1d6e615d820a68429802973c230f0929
    git: https://github.com/tbidne/path-size.git
    name: path-size
    pantry-tree:
      sha256: a239e0c6cd89a5c3eae0e8c1acfd1765341e9c12557b86f15225fccccaee7094
      size: 8594
    version: '0.1'
  original:
    commit: ad6bc15f1d6e615d820a68429802973c230f0929
    git: https://github.com/tbidne/path-size.git
- completed:
    commit: baf98b6945e32fc48b2e31e72ab3abaa966c4115
    git: https://github.com/tbidne/si-bytes.git
    name: si-bytes
    pantry-tree:
      sha256: e6a26703998d527f3e608f86320ef691bab5fbe3e096aa18a2ac7744315911ce
      size: 2992
    version: '0.1'
  original:
    commit: baf98b6945e32fc48b2e31e72ab3abaa966c4115
    git: https://github.com/tbidne/si-bytes.git
- completed:
    commit: fe5befb66274752b4ce7f6cdde2c947cc9eabffc
    git: https://github.com/tbidne/smart-math.git
    name: smart-math
    pantry-tree:
      sha256: 12d7287dded33700fe4d1b2b5df7999d23892a1fed6153ab00c9f1ae38e66a60
      size: 4882
    version: '0.1'
  original:
    commit: fe5befb66274752b4ce7f6cdde2c947cc9eabffc
    git: https://github.com/tbidne/smart-math.git
snapshots:
- completed:
    sha256: f845a23b2f5cf4b08151dea86225506ad057444422830a1b7bc282a73722c06a
    size: 654474
    url: https://raw.githubusercontent.com/commercialhaskell/stackage-snapshots/master/nightly/2025/2/18.yaml
  original: nightly-2025-02-18
